
Microsoft Visual Studio Solution File, Format Version 12.00
# Visual Studio 14
VisualStudioVersion = 14.0.23107.0
MinimumVisualStudioVersion = 10.0.40219.1
Project("{FAE04EC0-301F-11D3-BF4B-00C04F79EFBC}") = "degerler11", "degerler11\degerler11.csproj", "{485764E3-AD1B-4995-A49D-8D916D741496}"
EndProject
Global
	GlobalSection(SolutionConfigurationPlatforms) = preSolution
		Debug|Any CPU = Debug|Any CPU
		Release|Any CPU = Release|Any CPU
	EndGlobalSection
	GlobalSection(ProjectConfigurationPlatforms) = postSolution
		{485764E3-AD1B-4995-A49D-8D916D741496}.Debug|Any CPU.ActiveCfg = Debug|Any CPU
		{485764E3-AD1B-4995-A49D-8D916D741496}.Debug|Any CPU.Build.0 = Debug|Any CPU
		{485764E3-AD1B-4995-A49D-8D916D741496}.Release|Any CPU.ActiveCfg = Release|Any CPU
		{485764E3-AD1B-4995-A49D-8D916D741496}.Release|Any CPU.Build.0 = Release|Any CPU
	EndGlobalSection
	GlobalSection(SolutionProperties) = preSolution
		HideSolutionNode = FALSE
	EndGlobalSection
EndGlobal
